
Microsoft Visual Studio Solution File, Format Version 12.00
# Visual Studio 15
VisualStudioVersion = 15.0.28307.902
MinimumVisualStudioVersion = 10.0.40219.1
Project("{F184B08F-C81C-45F6-A57F-5ABD9991F28F}") = "Proje", "Proje\Proje.vbproj", "{E0294C9B-1BE5-49D7-846E-5F184836BEA8}"
EndProject
Global
	GlobalSection(SolutionConfigurationPlatforms) = preSolution
		Debug|Any CPU = Debug|Any CPU
		Release|Any CPU = Release|Any CPU
	EndGlobalSection
	GlobalSection(ProjectConfigurationPlatforms) = postSolution
		{E0294C9B-1BE5-49D7-846E-5F184836BEA8}.Debug|Any CPU.ActiveCfg = Debug|Any CPU
		{E0294C9B-1BE5-49D7-846E-5F184836BEA8}.Debug|Any CPU.Build.0 = Debug|Any CPU
		{E0294C9B-1BE5-49D7-846E-5F184836BEA8}.Release|Any CPU.ActiveCfg = Release|Any CPU
		{E0294C9B-1BE5-49D7-846E-5F184836BEA8}.Release|Any CPU.Build.0 = Release|Any CPU
	EndGlobalSection
	GlobalSection(SolutionProperties) = preSolution
		HideSolutionNode = FALSE
	EndGlobalSection
	GlobalSection(ExtensibilityGlobals) = postSolution
		SolutionGuid = {B7902BDB-B062-4455-B398-B050B3108395}
	EndGlobalSection
EndGlobal
